Microsoft Visual Studio Solution File, Format Version 12.00
Project("{FAE04EC0-301F-11D3-BF4B-00C04F79EFBC}") = "QuickForm", "src\QuickForm\QuickForm.csproj", "{458C3D51-FE68-4186-ABB1-8497B6CD4B5E}"
EndProject
Global
	GlobalSection(SolutionConfigurationPlatforms) = preSolution
		Debug|Any CPU = Debug|Any CPU
		Release|Any CPU = Release|Any CPU
	EndGlobalSection
	GlobalSection(ProjectConfigurationPlatforms) = postSolution
		{458C3D51-FE68-4186-ABB1-8497B6CD4B5E}.Debug|Any CPU.ActiveCfg = Debug|Any CPU
		{458C3D51-FE68-4186-ABB1-8497B6CD4B5E}.Debug|Any CPU.Build.0 = Debug|Any CPU
		{458C3D51-FE68-4186-ABB1-8497B6CD4B5E}.Release|Any CPU.ActiveCfg = Release|Any CPU
		{458C3D51-FE68-4186-ABB1-8497B6CD4B5E}.Release|Any CPU.Build.0 = Release|Any CPU
	EndGlobalSection
EndGlobal
